id: VHFPulseSender_udp_sender_f
label: UDP Sender
category: '[VHFPulseSender]'

templates:
  imports: import VHFPulseSender2
  make: VHFPulseSender2.udp_sender_f(${channel_index}, ${localhost})

#  Make one 'parameters' list entry for every parameter you want settable from the GUI.
#     Keys include:
#     * id (makes the value accessible as \$keyname, e.g. in the make entry)
#     * label (label shown in the GUI)
#     * dtype (e.g. int, float, complex, byte, short, xxx_vector, ...)
parameters:
- id: channel_index
  label: Channel Index
  dtype: int
  default: '0'
- id: localhost
  label: localhost
  dtype: int
  default: '0'

#  Make one 'inputs' list entry per input and one 'outputs' list entry per output.
#  Keys include:
#      * label (an identifier for the GUI)
#      * domain (optional - stream or message. Default is stream)
#      * dtype (e.g. int, float, complex, byte, short, xxx_vector, ...)
#      * vlen (optional - data stream vector length. Default is 1)
#      * optional (optional - set to 1 for optional inputs. Default is 0)
inputs:
- label: in
  dtype: float

#  'file_format' specifies the version of the GRC yml format used in the file
#  and should usually not be changed.
file_format: 1
